// !$*UTF8*$!
{
	archiveVersion = 1;
	classes = {
	};
	objectVersion = 46;
	objects = {

/* Begin PBXBuildFile section */
		1506A2B31E6B437300914363 /* AppDelegate.swift in Sources */ = {isa = PBXBuildFile; fileRef = 1506A2B21E6B437300914363 /* AppDelegate.swift */; };
		1506A2B51E6B437300914363 /* ViewController.swift in Sources */ = {isa = PBXBuildFile; fileRef = 1506A2B41E6B437300914363 /* ViewController.swift */; };
		1506A2B81E6B437300914363 /* Main.storyboard in Resources */ = {isa = PBXBuildFile; fileRef = 1506A2B61E6B437300914363 /* Main.storyboard */; };
		1506A2BB1E6B437300914363 /* VirtualTourist.xcdatamodeld in Sources */ = {isa = PBXBuildFile; fileRef = 1506A2B91E6B437300914363 /* VirtualTourist.xcdatamodeld */; };
		1506A2BD1E6B437300914363 /* Assets.xcassets in Resources */ = {isa = PBXBuildFile; fileRef = 1506A2BC1E6B437300914363 /* Assets.xcassets */; };
		1506A2C01E6B437300914363 /* LaunchScreen.storyboard in Resources */ = {isa = PBXBuildFile; fileRef = 1506A2BE1E6B437300914363 /* LaunchScreen.storyboard */; };
		1506A2C81E6B5B6100914363 /* DetailViewController.swift in Sources */ = {isa = PBXBuildFile; fileRef = 1506A2C71E6B5B6100914363 /* DetailViewController.swift */; };
		1506A2CA1E6C5F8700914363 /* FlickrAPI.swift in Sources */ = {isa = PBXBuildFile; fileRef = 1506A2C91E6C5F8700914363 /* FlickrAPI.swift */; };
		1506A2CC1E6C5FCE00914363 /* Constants.swift in Sources */ = {isa = PBXBuildFile; fileRef = 1506A2CB1E6C5FCE00914363 /* Constants.swift */; };
		1506A2CE1E6C777100914363 /* NetworkImageCollectionViewCell.swift in Sources */ = {isa = PBXBuildFile; fileRef = 1506A2CD1E6C777100914363 /* NetworkImageCollectionViewCell.swift */; };
		1506A2D01E6CBA0200914363 /* DataManager.swift in Sources */ = {isa = PBXBuildFile; fileRef = 1506A2CF1E6CBA0200914363 /* DataManager.swift */; };
		1506A2D61E6CD03D00914363 /* CoreData.framework in Frameworks */ = {isa = PBXBuildFile; fileRef = 1506A2D51E6CD03D00914363 /* CoreData.framework */; };
/* End PBXBuildFile section */

/* Begin PBXFileReference section */
		1506A2AF1E6B437300914363 /* VirtualTourist.app */ = {isa = PBXFileReference; explicitFileType = wrapper.application; includeInIndex = 0; path = VirtualTourist.app; sourceTree = BUILT_PRODUCTS_DIR; };
		1506A2B21E6B437300914363 /* AppDelegate.swift */ = {isa = PBXFileReference; lastKnownFileType = sourcecode.swift; path = AppDelegate.swift; sourceTree = "<group>"; };
		1506A2B41E6B437300914363 /* ViewController.swift */ = {isa = PBXFileReference; lastKnownFileType = sourcecode.swift; path = ViewController.swift; sourceTree = "<group>"; };
		1506A2B71E6B437300914363 /* Base */ = {isa = PBXFileReference; lastKnownFileType = file.storyboard; name = Base; path = Base.lproj/Main.storyboard; sourceTree = "<group>"; };
		1506A2BA1E6B437300914363 /* VirtualTourist.xcdatamodel */ = {isa = PBXFileReference; lastKnownFileType = wrapper.xcdatamodel; path = VirtualTourist.xcdatamodel; sourceTree = "<group>"; };
		1506A2BC1E6B437300914363 /* Assets.xcassets */ = {isa = PBXFileReference; lastKnownFileType = folder.assetcatalog; path = Assets.xcassets; sourceTree = "<group>"; };
		1506A2BF1E6B437300914363 /* Base */ = {isa = PBXFileReference; lastKnownFileType = file.storyboard; name = Base; path = Base.lproj/LaunchScreen.storyboard; sourceTree = "<group>"; };
		1506A2C11E6B437300914363 /* Info.plist */ = {isa = PBXFileReference; lastKnownFileType = text.plist.xml; path = Info.plist; sourceTree = "<group>"; };
		1506A2C71E6B5B6100914363 /* DetailViewController.swift */ = {isa = PBXFileReference; fileEncoding = 4; lastKnownFileType = sourcecode.swift; path = DetailViewController.swift; sourceTree = "<group>"; };
		1506A2C91E6C5F8700914363 /* FlickrAPI.swift */ = {isa = PBXFileReference; fileEncoding = 4; lastKnownFileType = sourcecode.swift; path = FlickrAPI.swift; sourceTree = "<group>"; };
		1506A2CB1E6C5FCE00914363 /* Constants.swift */ = {isa = PBXFileReference; fileEncoding = 4; lastKnownFileType = sourcecode.swift; path = Constants.swift; sourceTree = "<group>"; };
		1506A2CD1E6C777100914363 /* NetworkImageCollectionViewCell.swift */ = {isa = PBXFileReference; fileEncoding = 4; lastKnownFileType = sourcecode.swift; path = NetworkImageCollectionViewCell.swift; sourceTree = "<group>"; };
		1506A2CF1E6CBA0200914363 /* DataManager.swift */ = {isa = PBXFileReference; fileEncoding = 4; lastKnownFileType = sourcecode.swift; name = DataManager.swift; path = ../DataManager.swift; sourceTree = "<group>"; };
		1506A2D51E6CD03D00914363 /* CoreData.framework */ = {isa = PBXFileReference; lastKnownFileType = wrapper.framework; name = CoreData.framework; path = System/Library/Frameworks/CoreData.framework; sourceTree = SDKROOT; };
/* End PBXFileReference section */

/* Begin PBXFrameworksBuildPhase section */
		1506A2AC1E6B437300914363 /* Frameworks */ = {
			isa = PBXFrameworksBuildPhase;
			buildActionMask = 2147483647;
			files = (
				1506A2D61E6CD03D00914363 /* CoreData.framework in Frameworks */,
			);
			runOnlyForDeploymentPostprocessing = 0;
		};
/* End PBXFrameworksBuildPhase section */

/* Begin PBXGroup section */
		1506A2A61E6B437300914363 = {
			isa = PBXGroup;
			children = (
				1506A2B11E6B437300914363 /* VirtualTourist */,
				1506A2B01E6B437300914363 /* Products */,
				1506A2D41E6CD03D00914363 /* Frameworks */,
			);
			sourceTree = "<group>";
		};
		1506A2B01E6B437300914363 /* Products */ = {
			isa = PBXGroup;
			children = (
				1506A2AF1E6B437300914363 /* VirtualTourist.app */,
			);
			name = Products;
			sourceTree = "<group>";
		};
		1506A2B11E6B437300914363 /* VirtualTourist */ = {
			isa = PBXGroup;
			children = (
				1506A2CF1E6CBA0200914363 /* DataManager.swift */,
				1506A2B21E6B437300914363 /* AppDelegate.swift */,
				1506A2B41E6B437300914363 /* ViewController.swift */,
				1506A2B61E6B437300914363 /* Main.storyboard */,
				1506A2CD1E6C777100914363 /* NetworkImageCollectionViewCell.swift */,
				1506A2C91E6C5F8700914363 /* FlickrAPI.swift */,
				1506A2CB1E6C5FCE00914363 /* Constants.swift */,
				1506A2C71E6B5B6100914363 /* DetailViewController.swift */,
				1506A2BC1E6B437300914363 /* Assets.xcassets */,
				1506A2BE1E6B437300914363 /* LaunchScreen.storyboard */,
				1506A2C11E6B437300914363 /* Info.plist */,
				1506A2B91E6B437300914363 /* VirtualTourist.xcdatamodeld */,
			);
			path = VirtualTourist;
			sourceTree = "<group>";
		};
		1506A2D41E6CD03D00914363 /* Frameworks */ = {
			isa = PBXGroup;
			children = (
				1506A2D51E6CD03D00914363 /* CoreData.framework */,
			);
			name = Frameworks;
			sourceTree = "<group>";
		};
/* End PBXGroup section */

/* Begin PBXNativeTarget section */
		1506A2AE1E6B437300914363 /* VirtualTourist */ = {
			isa = PBXNativeTarget;
			buildConfigurationList = 1506A2C41E6B437300914363 /* Build configuration list for PBXNativeTarget "VirtualTourist" */;
			buildPhases = (
				1506A2AB1E6B437300914363 /* Sources */,
				1506A2AC1E6B437300914363 /* Frameworks */,
				1506A2AD1E6B437300914363 /* Resources */,
			);
			buildRules = (
			);
			dependencies = (
			);
			name = VirtualTourist;
			productName = VirtualTourist;
			productReference = 1506A2AF1E6B437300914363 /* VirtualTourist.app */;
			productType = "com.apple.product-type.application";
		};
/* End PBXNativeTarget section */

/* Begin PBXProject section */
		1506A2A71E6B437300914363 /* Project object */ = {
			isa = PBXProject;
			attributes = {
				LastSwiftUpdateCheck = 0820;
				LastUpgradeCheck = 0820;
				ORGANIZATIONNAME = dumpstertree;
				TargetAttributes = {
					1506A2AE1E6B437300914363 = {
						CreatedOnToolsVersion = 8.2.1;
						DevelopmentTeam = 78C48PW3C4;
						ProvisioningStyle = Automatic;
					};
				};
			};
			buildConfigurationList = 1506A2AA1E6B437300914363 /* Build configuration list for PBXProject "VirtualTourist" */;
			compatibilityVersion = "Xcode 3.2";
			developmentRegion = English;
			hasScannedForEncodings = 0;
			knownRegions = (
				en,
				Base,
			);
			mainGroup = 1506A2A61E6B437300914363;
			productRefGroup = 1506A2B01E6B437300914363 /* Products */;
			projectDirPath = "";
			projectRoot = "";
			targets = (
				1506A2AE1E6B437300914363 /* VirtualTourist */,
			);
		};
/* End PBXProject section */

/* Begin PBXResourcesBuildPhase section */
		1506A2AD1E6B437300914363 /* Resources */ = {
			isa = PBXResourcesBuildPhase;
			buildActionMask = 2147483647;
			files = (
				1506A2C01E6B437300914363 /* LaunchScreen.storyboard in Resources */,
				1506A2BD1E6B437300914363 /* Assets.xcassets in Resources */,
				1506A2B81E6B437300914363 /* Main.storyboard in Resources */,
			);
			runOnlyForDeploymentPostprocessing = 0;
		};
/* End PBXResourcesBuildPhase section */

/* Begin PBXSourcesBuildPhase section */
		1506A2AB1E6B437300914363 /* Sources */ = {
			isa = PBXSourcesBuildPhase;
			buildActionMask = 2147483647;
			files = (
				1506A2B51E6B437300914363 /* ViewController.swift in Sources */,
				1506A2D01E6CBA0200914363 /* DataManager.swift in Sources */,
				1506A2B31E6B437300914363 /* AppDelegate.swift in Sources */,
				1506A2BB1E6B437300914363 /* VirtualTourist.xcdatamodeld in Sources */,
				1506A2C81E6B5B6100914363 /* DetailViewController.swift in Sources */,
				1506A2CA1E6C5F8700914363 /* FlickrAPI.swift in Sources */,
				1506A2CE1E6C777100914363 /* NetworkImageCollectionViewCell.swift in Sources */,
				1506A2CC1E6C5FCE00914363 /* Constants.swift in Sources */,
			);
			runOnlyForDeploymentPostprocessing = 0;
		};
/* End PBXSourcesBuildPhase section */

/* Begin PBXVariantGroup section */
		1506A2B61E6B437300914363 /* Main.storyboard */ = {
			isa = PBXVariantGroup;
			children = (
				1506A2B71E6B437300914363 /* Base */,
			);
			name = Main.storyboard;
			sourceTree = "<group>";
		};
		1506A2BE1E6B437300914363 /* LaunchScreen.storyboard */ = {
			isa = PBXVariantGroup;
			children = (
				1506A2BF1E6B437300914363 /* Base */,
			);
			name = LaunchScreen.storyboard;
			sourceTree = "<group>";
		};
/* End PBXVariantGroup section */

/* Begin XCBuildConfiguration section */
		1506A2C21E6B437300914363 /* Debug */ = {
			isa = XCBuildConfiguration;
			buildSettings = {
				ALWAYS_SEARCH_USER_PATHS = NO;
				CLANG_ANALYZER_NONNULL = YES;
				CLANG_CXX_LANGUAGE_STANDARD = "gnu++0x";
				CLANG_CXX_LIBRARY = "libc++";
				CLANG_ENABLE_MODULES = YES;
				CLANG_ENABLE_OBJC_ARC = YES;
				CLANG_WARN_BOOL_CONVERSION = YES;
				CLANG_WARN_CONSTANT_CONVERSION = YES;
				CLANG_WARN_DIRECT_OBJC_ISA_USAGE = YES_ERROR;
				CLANG_WARN_DOCUMENTATION_COMMENTS = YES;
				CLANG_WARN_EMPTY_BODY = YES;
				CLANG_WARN_ENUM_CONVERSION = YES;
				CLANG_WARN_INFINITE_RECURSION = YES;
				CLANG_WARN_INT_CONVERSION = YES;
				CLANG_WARN_OBJC_ROOT_CLASS = YES_ERROR;
				CLANG_WARN_SUSPICIOUS_MOVE = YES;
				CLANG_WARN_UNREACHABLE_CODE = YES;
				CLANG_WARN__DUPLICATE_METHOD_MATCH = YES;
				"CODE_SIGN_IDENTITY[sdk=iphoneos*]" = "iPhone Developer";
				COPY_PHASE_STRIP = NO;
				DEBUG_INFORMATION_FORMAT = dwarf;
				ENABLE_STRICT_OBJC_MSGSEND = YES;
				ENABLE_TESTABILITY = YES;
				GCC_C_LANGUAGE_STANDARD = gnu99;
				GCC_DYNAMIC_NO_PIC = NO;
				GCC_NO_COMMON_BLOCKS = YES;
				GCC_OPTIMIZATION_LEVEL = 0;
				GCC_PREPROCESSOR_DEFINITIONS = (
					"DEBUG=1",
					"$(inherited)",
				);
				GCC_WARN_64_TO_32_BIT_CONVERSION = YES;
				GCC_WARN_ABOUT_RETURN_TYPE = YES_ERROR;
				GCC_WARN_UNDECLARED_SELECTOR = YES;
				GCC_WARN_UNINITIALIZED_AUTOS = YES_AGGRESSIVE;
				GCC_WARN_UNUSED_FUNCTION = YES;
				GCC_WARN_UNUSED_VARIABLE = YES;
				IPHONEOS_DEPLOYMENT_TARGET = 10.2;
				MTL_ENABLE_DEBUG_INFO = YES;
				ONLY_ACTIVE_ARCH = YES;
				SDKROOT = iphoneos;
				SWIFT_ACTIVE_COMPILATION_CONDITIONS = DEBUG;
				SWIFT_OPTIMIZATION_LEVEL = "-Onone";
				TARGETED_DEVICE_FAMILY = "1,2";
			};
			name = Debug;
		};
		1506A2C31E6B437300914363 /* Release */ = {
			isa = XCBuildConfiguration;
			buildSettings = {
				ALWAYS_SEARCH_USER_PATHS = NO;
				CLANG_ANALYZER_NONNULL = YES;
				CLANG_CXX_LANGUAGE_STANDARD = "gnu++0x";
				CLANG_CXX_LIBRARY = "libc++";
				CLANG_ENABLE_MODULES = YES;
				CLANG_ENABLE_OBJC_ARC = YES;
				CLANG_WARN_BOOL_CONVERSION = YES;
				CLANG_WARN_CONSTANT_CONVERSION = YES;
				CLANG_WARN_DIRECT_OBJC_ISA_USAGE = YES_ERROR;
				CLANG_WARN_DOCUMENTATION_COMMENTS = YES;
				CLANG_WARN_EMPTY_BODY = YES;
				CLANG_WARN_ENUM_CONVERSION = YES;
				CLANG_WARN_INFINITE_RECURSION = YES;
				CLANG_WARN_INT_CONVERSION = YES;
				CLANG_WARN_OBJC_ROOT_CLASS = YES_ERROR;
				CLANG_WARN_SUSPICIOUS_MOVE = YES;
				CLANG_WARN_UNREACHABLE_CODE = YES;
				CLANG_WARN__DUPLICATE_METHOD_MATCH = YES;
				"CODE_SIGN_IDENTITY[sdk=iphoneos*]" = "iPhone Developer";
				COPY_PHASE_STRIP = NO;
				DEBUG_INFORMATION_FORMAT = "dwarf-with-dsym";
				ENABLE_NS_ASSERTIONS = NO;
				ENABLE_STRICT_OBJC_MSGSEND = YES;
				GCC_C_LANGUAGE_STANDARD = gnu99;
				GCC_NO_COMMON_BLOCKS = YES;
				GCC_WARN_64_TO_32_BIT_CONVERSION = YES;
				GCC_WARN_ABOUT_RETURN_TYPE = YES_ERROR;
				GCC_WARN_UNDECLARED_SELECTOR = YES;
				GCC_WARN_UNINITIALIZED_AUTOS = YES_AGGRESSIVE;
				GCC_WARN_UNUSED_FUNCTION = YES;
				GCC_WARN_UNUSED_VARIABLE = YES;
				IPHONEOS_DEPLOYMENT_TARGET = 10.2;
				MTL_ENABLE_DEBUG_INFO = NO;
				SDKROOT = iphoneos;
				SWIFT_OPTIMIZATION_LEVEL = "-Owholemodule";
				TARGETED_DEVICE_FAMILY = "1,2";
				VALIDATE_PRODUCT = YES;
			};
			name = Release;
		};
		1506A2C51E6B437300914363 /* Debug */ = {
			isa = XCBuildConfiguration;
			buildSettings = {
				ASSETCATALOG_COMPILER_APPICON_NAME = AppIcon;
				DEVELOPMENT_TEAM = 78C48PW3C4;
				INFOPLIST_FILE = VirtualTourist/Info.plist;
				LD_RUNPATH_SEARCH_PATHS = "$(inherited) @executable_path/Frameworks";
				PRODUCT_BUNDLE_IDENTIFIER = com.dumpstertree.VirtualTourist;
				PRODUCT_NAME = "$(TARGET_NAME)";
				SWIFT_VERSION = 3.0;
			};
			name = Debug;
		};
		1506A2C61E6B437300914363 /* Release */ = {
			isa = XCBuildConfiguration;
			buildSettings = {
				ASSETCATALOG_COMPILER_APPICON_NAME = AppIcon;
				DEVELOPMENT_TEAM = 78C48PW3C4;
				INFOPLIST_FILE = VirtualTourist/Info.plist;
				LD_RUNPATH_SEARCH_PATHS = "$(inherited) @executable_path/Frameworks";
				PRODUCT_BUNDLE_IDENTIFIER = com.dumpstertree.VirtualTourist;
				PRODUCT_NAME = "$(TARGET_NAME)";
				SWIFT_VERSION = 3.0;
			};
			name = Release;
		};
/* End XCBuildConfiguration section */

/* Begin XCConfigurationList section */
		1506A2AA1E6B437300914363 /* Build configuration list for PBXProject "VirtualTourist" */ = {
			isa = XCConfigurationList;
			buildConfigurations = (
				1506A2C21E6B437300914363 /* Debug */,
				1506A2C31E6B437300914363 /* Release */,
			);
			defaultConfigurationIsVisible = 0;
			defaultConfigurationName = Release;
		};
		1506A2C41E6B437300914363 /* Build configuration list for PBXNativeTarget "VirtualTourist" */ = {
			isa = XCConfigurationList;
			buildConfigurations = (
				1506A2C51E6B437300914363 /* Debug */,
				1506A2C61E6B437300914363 /* Release */,
			);
			defaultConfigurationIsVisible = 0;
		};
/* End XCConfigurationList section */

/* Begin XCVersionGroup section */
		1506A2B91E6B437300914363 /* VirtualTourist.xcdatamodeld */ = {
			isa = XCVersionGroup;
			children = (
				1506A2BA1E6B437300914363 /* VirtualTourist.xcdatamodel */,
			);
			currentVersion = 1506A2BA1E6B437300914363 /* VirtualTourist.xcdatamodel */;
			path = VirtualTourist.xcdatamodeld;
			sourceTree = "<group>";
			versionGroupType = wrapper.xcdatamodel;
		};
/* End XCVersionGroup section */
	};
	rootObject = 1506A2A71E6B437300914363 /* Project object */;
}
